// !$*UTF8*$!
{
	archiveVersion = 1;
	classes = {
	};
	objectVersion = 50;
	objects = {

/* Begin PBXBuildFile section */
		282E41ED23E8B21C005D3C8D /* HoldsPages.swift in Sources */ = {isa = PBXBuildFile; fileRef = 282E41EC23E8B21C005D3C8D /* HoldsPages.swift */; };
		2894B8DB23E88F0700D6B369 /* soundTableViewController.swift in Sources */ = {isa = PBXBuildFile; fileRef = 2894B8DA23E88F0700D6B369 /* soundTableViewController.swift */; };
		2894B8DD23E8911200D6B369 /* URLbuilder.swift in Sources */ = {isa = PBXBuildFile; fileRef = 2894B8DC23E8911200D6B369 /* URLbuilder.swift */; };
		28BD2AE523E29BB700C3423C /* AppDelegate.swift in Sources */ = {isa = PBXBuildFile; fileRef = 28BD2AE423E29BB700C3423C /* AppDelegate.swift */; };
		28BD2AE723E29BB700C3423C /* SceneDelegate.swift in Sources */ = {isa = PBXBuildFile; fileRef = 28BD2AE623E29BB700C3423C /* SceneDelegate.swift */; };
		28BD2AE923E29BB700C3423C /* ViewController.swift in Sources */ = {isa = PBXBuildFile; fileRef = 28BD2AE823E29BB700C3423C /* ViewController.swift */; };
		28BD2AEE23E29BB900C3423C /* Assets.xcassets in Resources */ = {isa = PBXBuildFile; fileRef = 28BD2AED23E29BB900C3423C /* Assets.xcassets */; };
		28BD2AF123E29BB900C3423C /* LaunchScreen.storyboard in Resources */ = {isa = PBXBuildFile; fileRef = 28BD2AEF23E29BB900C3423C /* LaunchScreen.storyboard */; };
		28FF459423FB445C00E39B4A /* UIview+Ext.swift in Sources */ = {isa = PBXBuildFile; fileRef = 28FF459323FB445C00E39B4A /* UIview+Ext.swift */; };
		28FF459623FB470B00E39B4A /* SoundCell.swift in Sources */ = {isa = PBXBuildFile; fileRef = 28FF459523FB470B00E39B4A /* SoundCell.swift */; };
		28FF459823FB4B6D00E39B4A /* Data.swift in Sources */ = {isa = PBXBuildFile; fileRef = 28FF459723FB4B6D00E39B4A /* Data.swift */; };
		CACDC447D8E9A529370DA043 /* libPods-Microphone.a in Frameworks */ = {isa = PBXBuildFile; fileRef = 52665F0901C0FA533146A771 /* libPods-Microphone.a */; };
/* End PBXBuildFile section */

/* Begin PBXFileReference section */
		282E41EC23E8B21C005D3C8D /* HoldsPages.swift */ = {isa = PBXFileReference; lastKnownFileType = sourcecode.swift; path = HoldsPages.swift; sourceTree = "<group>"; };
		2894B8DA23E88F0700D6B369 /* soundTableViewController.swift */ = {isa = PBXFileReference; lastKnownFileType = sourcecode.swift; path = soundTableViewController.swift; sourceTree = "<group>"; };
		2894B8DC23E8911200D6B369 /* URLbuilder.swift */ = {isa = PBXFileReference; lastKnownFileType = sourcecode.swift; path = URLbuilder.swift; sourceTree = "<group>"; };
		28BD2AE123E29BB700C3423C /* Microphone.app */ = {isa = PBXFileReference; explicitFileType = wrapper.application; includeInIndex = 0; path = Microphone.app; sourceTree = BUILT_PRODUCTS_DIR; };
		28BD2AE423E29BB700C3423C /* AppDelegate.swift */ = {isa = PBXFileReference; lastKnownFileType = sourcecode.swift; path = AppDelegate.swift; sourceTree = "<group>"; };
		28BD2AE623E29BB700C3423C /* SceneDelegate.swift */ = {isa = PBXFileReference; lastKnownFileType = sourcecode.swift; path = SceneDelegate.swift; sourceTree = "<group>"; };
		28BD2AE823E29BB700C3423C /* ViewController.swift */ = {isa = PBXFileReference; lastKnownFileType = sourcecode.swift; path = ViewController.swift; sourceTree = "<group>"; };
		28BD2AED23E29BB900C3423C /* Assets.xcassets */ = {isa = PBXFileReference; lastKnownFileType = folder.assetcatalog; path = Assets.xcassets; sourceTree = "<group>"; };
		28BD2AF023E29BB900C3423C /* Base */ = {isa = PBXFileReference; lastKnownFileType = file.storyboard; name = Base; path = Base.lproj/LaunchScreen.storyboard; sourceTree = "<group>"; };
		28BD2AF223E29BB900C3423C /* Info.plist */ = {isa = PBXFileReference; lastKnownFileType = text.plist.xml; path = Info.plist; sourceTree = "<group>"; };
		28FF459323FB445C00E39B4A /* UIview+Ext.swift */ = {isa = PBXFileReference; lastKnownFileType = sourcecode.swift; path = "UIview+Ext.swift"; sourceTree = "<group>"; };
		28FF459523FB470B00E39B4A /* SoundCell.swift */ = {isa = PBXFileReference; lastKnownFileType = sourcecode.swift; path = SoundCell.swift; sourceTree = "<group>"; };
		28FF459723FB4B6D00E39B4A /* Data.swift */ = {isa = PBXFileReference; lastKnownFileType = sourcecode.swift; path = Data.swift; sourceTree = "<group>"; };
		52665F0901C0FA533146A771 /* libPods-Microphone.a */ = {isa = PBXFileReference; explicitFileType = archive.ar; includeInIndex = 0; path = "libPods-Microphone.a"; sourceTree = BUILT_PRODUCTS_DIR; };
		550FF28B612E0320B929F9E1 /* Pods-Microphone.debug.xcconfig */ = {isa = PBXFileReference; includeInIndex = 1; lastKnownFileType = text.xcconfig; name = "Pods-Microphone.debug.xcconfig"; path = "Target Support Files/Pods-Microphone/Pods-Microphone.debug.xcconfig"; sourceTree = "<group>"; };
		F15FA82CC66A87E14B2EFF58 /* Pods-Microphone.release.xcconfig */ = {isa = PBXFileReference; includeInIndex = 1; lastKnownFileType = text.xcconfig; name = "Pods-Microphone.release.xcconfig"; path = "Target Support Files/Pods-Microphone/Pods-Microphone.release.xcconfig"; sourceTree = "<group>"; };
/* End PBXFileReference section */

/* Begin PBXFrameworksBuildPhase section */
		28BD2ADE23E29BB700C3423C /* Frameworks */ = {
			isa = PBXFrameworksBuildPhase;
			buildActionMask = 2147483647;
			files = (
				CACDC447D8E9A529370DA043 /* libPods-Microphone.a in Frameworks */,
			);
			runOnlyForDeploymentPostprocessing = 0;
		};
/* End PBXFrameworksBuildPhase section */

/* Begin PBXGroup section */
		28BD2AD823E29BB700C3423C = {
			isa = PBXGroup;
			children = (
				28BD2AE323E29BB700C3423C /* Microphone */,
				28BD2AE223E29BB700C3423C /* Products */,
				F2DF9C72B0C45E30E17CF3FE /* Pods */,
				4F0E9FFCFEA0ABF662DDD72A /* Frameworks */,
			);
			sourceTree = "<group>";
		};
		28BD2AE223E29BB700C3423C /* Products */ = {
			isa = PBXGroup;
			children = (
				28BD2AE123E29BB700C3423C /* Microphone.app */,
			);
			name = Products;
			sourceTree = "<group>";
		};
		28BD2AE323E29BB700C3423C /* Microphone */ = {
			isa = PBXGroup;
			children = (
				28BD2AE823E29BB700C3423C /* ViewController.swift */,
				28FF459223FB440600E39B4A /* Extensions-Utilities */,
				28BD2AE423E29BB700C3423C /* AppDelegate.swift */,
				28BD2AE623E29BB700C3423C /* SceneDelegate.swift */,
				2894B8DC23E8911200D6B369 /* URLbuilder.swift */,
				2894B8DA23E88F0700D6B369 /* soundTableViewController.swift */,
				28FF459723FB4B6D00E39B4A /* Data.swift */,
				28FF459523FB470B00E39B4A /* SoundCell.swift */,
				282E41EC23E8B21C005D3C8D /* HoldsPages.swift */,
				28BD2AED23E29BB900C3423C /* Assets.xcassets */,
				28BD2AEF23E29BB900C3423C /* LaunchScreen.storyboard */,
				28BD2AF223E29BB900C3423C /* Info.plist */,
			);
			path = Microphone;
			sourceTree = "<group>";
		};
		28FF459223FB440600E39B4A /* Extensions-Utilities */ = {
			isa = PBXGroup;
			children = (
				28FF459323FB445C00E39B4A /* UIview+Ext.swift */,
			);
			path = "Extensions-Utilities";
			sourceTree = "<group>";
		};
		4F0E9FFCFEA0ABF662DDD72A /* Frameworks */ = {
			isa = PBXGroup;
			children = (
				52665F0901C0FA533146A771 /* libPods-Microphone.a */,
			);
			name = Frameworks;
			sourceTree = "<group>";
		};
		F2DF9C72B0C45E30E17CF3FE /* Pods */ = {
			isa = PBXGroup;
			children = (
				550FF28B612E0320B929F9E1 /* Pods-Microphone.debug.xcconfig */,
				F15FA82CC66A87E14B2EFF58 /* Pods-Microphone.release.xcconfig */,
			);
			path = Pods;
			sourceTree = "<group>";
		};
/* End PBXGroup section */

/* Begin PBXNativeTarget section */
		28BD2AE023E29BB700C3423C /* Microphone */ = {
			isa = PBXNativeTarget;
			buildConfigurationList = 28BD2AF523E29BB900C3423C /* Build configuration list for PBXNativeTarget "Microphone" */;
			buildPhases = (
				2758FCF699CEB5F9602D19F1 /* [CP] Check Pods Manifest.lock */,
				28BD2ADD23E29BB700C3423C /* Sources */,
				28BD2ADE23E29BB700C3423C /* Frameworks */,
				28BD2ADF23E29BB700C3423C /* Resources */,
			);
			buildRules = (
			);
			dependencies = (
			);
			name = Microphone;
			productName = Microphone;
			productReference = 28BD2AE123E29BB700C3423C /* Microphone.app */;
			productType = "com.apple.product-type.application";
		};
/* End PBXNativeTarget section */

/* Begin PBXProject section */
		28BD2AD923E29BB700C3423C /* Project object */ = {
			isa = PBXProject;
			attributes = {
				LastSwiftUpdateCheck = 1130;
				LastUpgradeCheck = 1130;
				ORGANIZATIONNAME = "Jennifer Mah";
				TargetAttributes = {
					28BD2AE023E29BB700C3423C = {
						CreatedOnToolsVersion = 11.3.1;
					};
				};
			};
			buildConfigurationList = 28BD2ADC23E29BB700C3423C /* Build configuration list for PBXProject "Microphone" */;
			compatibilityVersion = "Xcode 9.3";
			developmentRegion = en;
			hasScannedForEncodings = 0;
			knownRegions = (
				en,
				Base,
			);
			mainGroup = 28BD2AD823E29BB700C3423C;
			productRefGroup = 28BD2AE223E29BB700C3423C /* Products */;
			projectDirPath = "";
			projectRoot = "";
			targets = (
				28BD2AE023E29BB700C3423C /* Microphone */,
			);
		};
/* End PBXProject section */

/* Begin PBXResourcesBuildPhase section */
		28BD2ADF23E29BB700C3423C /* Resources */ = {
			isa = PBXResourcesBuildPhase;
			buildActionMask = 2147483647;
			files = (
				28BD2AF123E29BB900C3423C /* LaunchScreen.storyboard in Resources */,
				28BD2AEE23E29BB900C3423C /* Assets.xcassets in Resources */,
			);
			runOnlyForDeploymentPostprocessing = 0;
		};
/* End PBXResourcesBuildPhase section */

/* Begin PBXShellScriptBuildPhase section */
		2758FCF699CEB5F9602D19F1 /* [CP] Check Pods Manifest.lock */ = {
			isa = PBXShellScriptBuildPhase;
			buildActionMask = 2147483647;
			files = (
			);
			inputFileListPaths = (
			);
			inputPaths = (
				"${PODS_PODFILE_DIR_PATH}/Podfile.lock",
				"${PODS_ROOT}/Manifest.lock",
			);
			name = "[CP] Check Pods Manifest.lock";
			outputFileListPaths = (
			);
			outputPaths = (
				"$(DERIVED_FILE_DIR)/Pods-Microphone-checkManifestLockResult.txt",
			);
			runOnlyForDeploymentPostprocessing = 0;
			shellPath = /bin/sh;
			shellScript = "diff \"${PODS_PODFILE_DIR_PATH}/Podfile.lock\" \"${PODS_ROOT}/Manifest.lock\" > /dev/null\nif [ $? != 0 ] ; then\n    # print error to STDERR\n    echo \"error: The sandbox is not in sync with the Podfile.lock. Run 'pod install' or update your CocoaPods installation.\" >&2\n    exit 1\nfi\n# This output is used by Xcode 'outputs' to avoid re-running this script phase.\necho \"SUCCESS\" > \"${SCRIPT_OUTPUT_FILE_0}\"\n";
			showEnvVarsInLog = 0;
		};
/* End PBXShellScriptBuildPhase section */

/* Begin PBXSourcesBuildPhase section */
		28BD2ADD23E29BB700C3423C /* Sources */ = {
			isa = PBXSourcesBuildPhase;
			buildActionMask = 2147483647;
			files = (
				28BD2AE923E29BB700C3423C /* ViewController.swift in Sources */,
				28FF459423FB445C00E39B4A /* UIview+Ext.swift in Sources */,
				282E41ED23E8B21C005D3C8D /* HoldsPages.swift in Sources */,
				28FF459623FB470B00E39B4A /* SoundCell.swift in Sources */,
				2894B8DB23E88F0700D6B369 /* soundTableViewController.swift in Sources */,
				28BD2AE523E29BB700C3423C /* AppDelegate.swift in Sources */,
				28BD2AE723E29BB700C3423C /* SceneDelegate.swift in Sources */,
				28FF459823FB4B6D00E39B4A /* Data.swift in Sources */,
				2894B8DD23E8911200D6B369 /* URLbuilder.swift in Sources */,
			);
			runOnlyForDeploymentPostprocessing = 0;
		};
/* End PBXSourcesBuildPhase section */

/* Begin PBXVariantGroup section */
		28BD2AEF23E29BB900C3423C /* LaunchScreen.storyboard */ = {
			isa = PBXVariantGroup;
			children = (
				28BD2AF023E29BB900C3423C /* Base */,
			);
			name = LaunchScreen.storyboard;
			sourceTree = "<group>";
		};
/* End PBXVariantGroup section */

/* Begin XCBuildConfiguration section */
		28BD2AF323E29BB900C3423C /* Debug */ = {
			isa = XCBuildConfiguration;
			buildSettings = {
				ALWAYS_SEARCH_USER_PATHS = NO;
				CLANG_ANALYZER_NONNULL = YES;
				CLANG_ANALYZER_NUMBER_OBJECT_CONVERSION = YES_AGGRESSIVE;
				CLANG_CXX_LANGUAGE_STANDARD = "gnu++14";
				CLANG_CXX_LIBRARY = "libc++";
				CLANG_ENABLE_MODULES = YES;
				CLANG_ENABLE_OBJC_ARC = YES;
				CLANG_ENABLE_OBJC_WEAK = YES;
				CLANG_WARN_BLOCK_CAPTURE_AUTORELEASING = YES;
				CLANG_WARN_BOOL_CONVERSION = YES;
				CLANG_WARN_COMMA = YES;
				CLANG_WARN_CONSTANT_CONVERSION = YES;
				CLANG_WARN_DEPRECATED_OBJC_IMPLEMENTATIONS = YES;
				CLANG_WARN_DIRECT_OBJC_ISA_USAGE = YES_ERROR;
				CLANG_WARN_DOCUMENTATION_COMMENTS = YES;
				CLANG_WARN_EMPTY_BODY = YES;
				CLANG_WARN_ENUM_CONVERSION = YES;
				CLANG_WARN_INFINITE_RECURSION = YES;
				CLANG_WARN_INT_CONVERSION = YES;
				CLANG_WARN_NON_LITERAL_NULL_CONVERSION = YES;
				CLANG_WARN_OBJC_IMPLICIT_RETAIN_SELF = YES;
				CLANG_WARN_OBJC_LITERAL_CONVERSION = YES;
				CLANG_WARN_OBJC_ROOT_CLASS = YES_ERROR;
				CLANG_WARN_RANGE_LOOP_ANALYSIS = YES;
				CLANG_WARN_STRICT_PROTOTYPES = YES;
				CLANG_WARN_SUSPICIOUS_MOVE = YES;
				CLANG_WARN_UNGUARDED_AVAILABILITY = YES_AGGRESSIVE;
				CLANG_WARN_UNREACHABLE_CODE = YES;
				CLANG_WARN__DUPLICATE_METHOD_MATCH = YES;
				COPY_PHASE_STRIP = NO;
				DEBUG_INFORMATION_FORMAT = dwarf;
				ENABLE_STRICT_OBJC_MSGSEND = YES;
				ENABLE_TESTABILITY = YES;
				GCC_C_LANGUAGE_STANDARD = gnu11;
				GCC_DYNAMIC_NO_PIC = NO;
				GCC_NO_COMMON_BLOCKS = YES;
				GCC_OPTIMIZATION_LEVEL = 0;
				GCC_PREPROCESSOR_DEFINITIONS = (
					"DEBUG=1",
					"$(inherited)",
				);
				GCC_WARN_64_TO_32_BIT_CONVERSION = YES;
				GCC_WARN_ABOUT_RETURN_TYPE = YES_ERROR;
				GCC_WARN_UNDECLARED_SELECTOR = YES;
				GCC_WARN_UNINITIALIZED_AUTOS = YES_AGGRESSIVE;
				GCC_WARN_UNUSED_FUNCTION = YES;
				GCC_WARN_UNUSED_VARIABLE = YES;
				IPHONEOS_DEPLOYMENT_TARGET = 13.2;
				MTL_ENABLE_DEBUG_INFO = INCLUDE_SOURCE;
				MTL_FAST_MATH = YES;
				ONLY_ACTIVE_ARCH = YES;
				SDKROOT = iphoneos;
				SWIFT_ACTIVE_COMPILATION_CONDITIONS = DEBUG;
				SWIFT_OPTIMIZATION_LEVEL = "-Onone";
			};
			name = Debug;
		};
		28BD2AF423E29BB900C3423C /* Release */ = {
			isa = XCBuildConfiguration;
			buildSettings = {
				ALWAYS_SEARCH_USER_PATHS = NO;
				CLANG_ANALYZER_NONNULL = YES;
				CLANG_ANALYZER_NUMBER_OBJECT_CONVERSION = YES_AGGRESSIVE;
				CLANG_CXX_LANGUAGE_STANDARD = "gnu++14";
				CLANG_CXX_LIBRARY = "libc++";
				CLANG_ENABLE_MODULES = YES;
				CLANG_ENABLE_OBJC_ARC = YES;
				CLANG_ENABLE_OBJC_WEAK = YES;
				CLANG_WARN_BLOCK_CAPTURE_AUTORELEASING = YES;
				CLANG_WARN_BOOL_CONVERSION = YES;
				CLANG_WARN_COMMA = YES;
				CLANG_WARN_CONSTANT_CONVERSION = YES;
				CLANG_WARN_DEPRECATED_OBJC_IMPLEMENTATIONS = YES;
				CLANG_WARN_DIRECT_OBJC_ISA_USAGE = YES_ERROR;
				CLANG_WARN_DOCUMENTATION_COMMENTS = YES;
				CLANG_WARN_EMPTY_BODY = YES;
				CLANG_WARN_ENUM_CONVERSION = YES;
				CLANG_WARN_INFINITE_RECURSION = YES;
				CLANG_WARN_INT_CONVERSION = YES;
				CLANG_WARN_NON_LITERAL_NULL_CONVERSION = YES;
				CLANG_WARN_OBJC_IMPLICIT_RETAIN_SELF = YES;
				CLANG_WARN_OBJC_LITERAL_CONVERSION = YES;
				CLANG_WARN_OBJC_ROOT_CLASS = YES_ERROR;
				CLANG_WARN_RANGE_LOOP_ANALYSIS = YES;
				CLANG_WARN_STRICT_PROTOTYPES = YES;
				CLANG_WARN_SUSPICIOUS_MOVE = YES;
				CLANG_WARN_UNGUARDED_AVAILABILITY = YES_AGGRESSIVE;
				CLANG_WARN_UNREACHABLE_CODE = YES;
				CLANG_WARN__DUPLICATE_METHOD_MATCH = YES;
				COPY_PHASE_STRIP = NO;
				DEBUG_INFORMATION_FORMAT = "dwarf-with-dsym";
				ENABLE_NS_ASSERTIONS = NO;
				ENABLE_STRICT_OBJC_MSGSEND = YES;
				GCC_C_LANGUAGE_STANDARD = gnu11;
				GCC_NO_COMMON_BLOCKS = YES;
				GCC_WARN_64_TO_32_BIT_CONVERSION = YES;
				GCC_WARN_ABOUT_RETURN_TYPE = YES_ERROR;
				GCC_WARN_UNDECLARED_SELECTOR = YES;
				GCC_WARN_UNINITIALIZED_AUTOS = YES_AGGRESSIVE;
				GCC_WARN_UNUSED_FUNCTION = YES;
				GCC_WARN_UNUSED_VARIABLE = YES;
				IPHONEOS_DEPLOYMENT_TARGET = 13.2;
				MTL_ENABLE_DEBUG_INFO = NO;
				MTL_FAST_MATH = YES;
				SDKROOT = iphoneos;
				SWIFT_COMPILATION_MODE = wholemodule;
				SWIFT_OPTIMIZATION_LEVEL = "-O";
				VALIDATE_PRODUCT = YES;
			};
			name = Release;
		};
		28BD2AF623E29BB900C3423C /* Debug */ = {
			isa = XCBuildConfiguration;
			baseConfigurationReference = 550FF28B612E0320B929F9E1 /* Pods-Microphone.debug.xcconfig */;
			buildSettings = {
				ASSETCATALOG_COMPILER_APPICON_NAME = AppIcon;
				CODE_SIGN_STYLE = Automatic;
				DEVELOPMENT_TEAM = 32C86W6J58;
				INFOPLIST_FILE = Microphone/Info.plist;
				LD_RUNPATH_SEARCH_PATHS = (
					"$(inherited)",
					"@executable_path/Frameworks",
				);
				PRODUCT_BUNDLE_IDENTIFIER = "CU-Boulder.Microphone";
				PRODUCT_NAME = "$(TARGET_NAME)";
				SWIFT_VERSION = 5.0;
				TARGETED_DEVICE_FAMILY = "1,2";
			};
			name = Debug;
		};
		28BD2AF723E29BB900C3423C /* Release */ = {
			isa = XCBuildConfiguration;
			baseConfigurationReference = F15FA82CC66A87E14B2EFF58 /* Pods-Microphone.release.xcconfig */;
			buildSettings = {
				ASSETCATALOG_COMPILER_APPICON_NAME = AppIcon;
				CODE_SIGN_STYLE = Automatic;
				DEVELOPMENT_TEAM = 32C86W6J58;
				INFOPLIST_FILE = Microphone/Info.plist;
				LD_RUNPATH_SEARCH_PATHS = (
					"$(inherited)",
					"@executable_path/Frameworks",
				);
				PRODUCT_BUNDLE_IDENTIFIER = "CU-Boulder.Microphone";
				PRODUCT_NAME = "$(TARGET_NAME)";
				SWIFT_VERSION = 5.0;
				TARGETED_DEVICE_FAMILY = "1,2";
			};
			name = Release;
		};
/* End XCBuildConfiguration section */

/* Begin XCConfigurationList section */
		28BD2ADC23E29BB700C3423C /* Build configuration list for PBXProject "Microphone" */ = {
			isa = XCConfigurationList;
			buildConfigurations = (
				28BD2AF323E29BB900C3423C /* Debug */,
				28BD2AF423E29BB900C3423C /* Release */,
			);
			defaultConfigurationIsVisible = 0;
			defaultConfigurationName = Release;
		};
		28BD2AF523E29BB900C3423C /* Build configuration list for PBXNativeTarget "Microphone" */ = {
			isa = XCConfigurationList;
			buildConfigurations = (
				28BD2AF623E29BB900C3423C /* Debug */,
				28BD2AF723E29BB900C3423C /* Release */,
			);
			defaultConfigurationIsVisible = 0;
			defaultConfigurationName = Release;
		};
/* End XCConfigurationList section */
	};
	rootObject = 28BD2AD923E29BB700C3423C /* Project object */;
}
